
Microsoft Visual Studio Solution File, Format Version 12.00
# Visual Studio Version 16
VisualStudioVersion = 16.0.30517.126
MinimumVisualStudioVersion = 10.0.40219.1
Project("{FAE04EC0-301F-11D3-BF4B-00C04F79EFBC}") = "RandomNumberGenerators", "RandomNumberGenerators\RandomNumberGenerators.csproj", "{D749EA8A-DDC0-4500-B91B-67E4A6D000CE}"
EndProject
Project("{FAE04EC0-301F-11D3-BF4B-00C04F79EFBC}") = "EpicDiceGame", "EpicDiceGame\EpicDiceGame.csproj", "{DFCC72DF-EAE0-4AE2-BBE7-5112B6ED3B84}"
EndProject
Global
	GlobalSection(SolutionConfigurationPlatforms) = preSolution
		Debug|Any CPU = Debug|Any CPU
		Release|Any CPU = Release|Any CPU
	EndGlobalSection
	GlobalSection(ProjectConfigurationPlatforms) = postSolution
		{D749EA8A-DDC0-4500-B91B-67E4A6D000CE}.Debug|Any CPU.ActiveCfg = Debug|Any CPU
		{D749EA8A-DDC0-4500-B91B-67E4A6D000CE}.Debug|Any CPU.Build.0 = Debug|Any CPU
		{D749EA8A-DDC0-4500-B91B-67E4A6D000CE}.Release|Any CPU.ActiveCfg = Release|Any CPU
		{D749EA8A-DDC0-4500-B91B-67E4A6D000CE}.Release|Any CPU.Build.0 = Release|Any CPU
		{DFCC72DF-EAE0-4AE2-BBE7-5112B6ED3B84}.Debug|Any CPU.ActiveCfg = Debug|Any CPU
		{DFCC72DF-EAE0-4AE2-BBE7-5112B6ED3B84}.Debug|Any CPU.Build.0 = Debug|Any CPU
		{DFCC72DF-EAE0-4AE2-BBE7-5112B6ED3B84}.Release|Any CPU.ActiveCfg = Release|Any CPU
		{DFCC72DF-EAE0-4AE2-BBE7-5112B6ED3B84}.Release|Any CPU.Build.0 = Release|Any CPU
	EndGlobalSection
	GlobalSection(SolutionProperties) = preSolution
		HideSolutionNode = FALSE
	EndGlobalSection
	GlobalSection(ExtensibilityGlobals) = postSolution
		SolutionGuid = {AE03164E-E337-4B02-878C-BF5579E8D33A}
	EndGlobalSection
EndGlobal
